lockfileVersion: '6.0'

settings:
  autoInstallPeers: true
  excludeLinksFromLockfile: false

devDependencies:
  '@types/webextension-polyfill':
    specifier: ^0.10.7
    version: 0.10.7

packages:

  /@types/webextension-polyfill@0.10.7:
    resolution: {integrity: sha512-10ql7A0qzBmFB+F+qAke/nP1PIonS0TXZAOMVOxEUsm+lGSW6uwVcISFNa0I4Oyj0884TZVWGGMIWeXOVSNFHw==}
    dev: true
